<Solution>
  <Folder Name="/src/">
    <Project Path="src/DeliveryNoteLabeler.Core/DeliveryNoteLabeler.Core.csproj" />
    <Project Path="src/DeliveryNoteLabeler/DeliveryNoteLabeler.csproj" />
  </Folder>
  <Folder Name="/tests/">
    <Project Path="tests/DeliveryNoteLabeler.Core.Tests/DeliveryNoteLabeler.Core.Tests.csproj" />
  </Folder>
</Solution>
